
Microsoft Visual Studio Solution File, Format Version 12.00
# Visual Studio Version 16
VisualStudioVersion = 16.0.30406.217
MinimumVisualStudioVersion = 10.0.40219.1
Project("{8BC9CEB8-8B4A-11D0-8D11-00A0C91BC942}") = "Day1", "Day1\Day1.vcxproj", "{A5F8A89F-A9EF-4BB3-B418-0E1EAF495FE8}"
	ProjectSection(ProjectDependencies) = postProject
		{BF8C8FF6-4DCA-4FE2-A6BF-A9C0EB116FE6} = {BF8C8FF6-4DCA-4FE2-A6BF-A9C0EB116FE6}
	EndProjectSection
EndProject
Project("{8BC9CEB8-8B4A-11D0-8D11-00A0C91BC942}") = "Utils", "Utils\Utils.vcxproj", "{BF8C8FF6-4DCA-4FE2-A6BF-A9C0EB116FE6}"
EndProject
Project("{8BC9CEB8-8B4A-11D0-8D11-00A0C91BC942}") = "Day2", "Day2\Day2.vcxproj", "{662CC1A7-20B6-44ED-AE81-FEB912AA9793}"
EndProject
Project("{8BC9CEB8-8B4A-11D0-8D11-00A0C91BC942}") = "Day3", "Day3\Day3.vcxproj", "{B35BCD42-B9F4-4379-A70D-8A194FA3A587}"
EndProject
Global
	GlobalSection(SolutionConfigurationPlatforms) = preSolution
		Debug|x64 = Debug|x64
		Debug|x86 = Debug|x86
		Release|x64 = Release|x64
		Release|x86 = Release|x86
	EndGlobalSection
	GlobalSection(ProjectConfigurationPlatforms) = postSolution
		{A5F8A89F-A9EF-4BB3-B418-0E1EAF495FE8}.Debug|x64.ActiveCfg = Debug|x64
		{A5F8A89F-A9EF-4BB3-B418-0E1EAF495FE8}.Debug|x64.Build.0 = Debug|x64
		{A5F8A89F-A9EF-4BB3-B418-0E1EAF495FE8}.Debug|x86.ActiveCfg = Debug|Win32
		{A5F8A89F-A9EF-4BB3-B418-0E1EAF495FE8}.Debug|x86.Build.0 = Debug|Win32
		{A5F8A89F-A9EF-4BB3-B418-0E1EAF495FE8}.Release|x64.ActiveCfg = Debug|x64
		{A5F8A89F-A9EF-4BB3-B418-0E1EAF495FE8}.Release|x64.Build.0 = Debug|x64
		{A5F8A89F-A9EF-4BB3-B418-0E1EAF495FE8}.Release|x86.ActiveCfg = Release|Win32
		{A5F8A89F-A9EF-4BB3-B418-0E1EAF495FE8}.Release|x86.Build.0 = Release|Win32
		{BF8C8FF6-4DCA-4FE2-A6BF-A9C0EB116FE6}.Debug|x64.ActiveCfg = Debug|x64
		{BF8C8FF6-4DCA-4FE2-A6BF-A9C0EB116FE6}.Debug|x64.Build.0 = Debug|x64
		{BF8C8FF6-4DCA-4FE2-A6BF-A9C0EB116FE6}.Debug|x86.ActiveCfg = Debug|x64
		{BF8C8FF6-4DCA-4FE2-A6BF-A9C0EB116FE6}.Release|x64.ActiveCfg = Debug|x64
		{BF8C8FF6-4DCA-4FE2-A6BF-A9C0EB116FE6}.Release|x64.Build.0 = Debug|x64
		{BF8C8FF6-4DCA-4FE2-A6BF-A9C0EB116FE6}.Release|x86.ActiveCfg = Release|x64
		{662CC1A7-20B6-44ED-AE81-FEB912AA9793}.Debug|x64.ActiveCfg = Debug|x64
		{662CC1A7-20B6-44ED-AE81-FEB912AA9793}.Debug|x64.Build.0 = Debug|x64
		{662CC1A7-20B6-44ED-AE81-FEB912AA9793}.Debug|x86.ActiveCfg = Debug|Win32
		{662CC1A7-20B6-44ED-AE81-FEB912AA9793}.Debug|x86.Build.0 = Debug|Win32
		{662CC1A7-20B6-44ED-AE81-FEB912AA9793}.Release|x64.ActiveCfg = Release|x64
		{662CC1A7-20B6-44ED-AE81-FEB912AA9793}.Release|x64.Build.0 = Release|x64
		{662CC1A7-20B6-44ED-AE81-FEB912AA9793}.Release|x86.ActiveCfg = Release|Win32
		{662CC1A7-20B6-44ED-AE81-FEB912AA9793}.Release|x86.Build.0 = Release|Win32
		{B35BCD42-B9F4-4379-A70D-8A194FA3A587}.Debug|x64.ActiveCfg = Debug|x64
		{B35BCD42-B9F4-4379-A70D-8A194FA3A587}.Debug|x64.Build.0 = Debug|x64
		{B35BCD42-B9F4-4379-A70D-8A194FA3A587}.Debug|x86.ActiveCfg = Debug|Win32
		{B35BCD42-B9F4-4379-A70D-8A194FA3A587}.Debug|x86.Build.0 = Debug|Win32
		{B35BCD42-B9F4-4379-A70D-8A194FA3A587}.Release|x64.ActiveCfg = Release|x64
		{B35BCD42-B9F4-4379-A70D-8A194FA3A587}.Release|x64.Build.0 = Release|x64
		{B35BCD42-B9F4-4379-A70D-8A194FA3A587}.Release|x86.ActiveCfg = Release|Win32
		{B35BCD42-B9F4-4379-A70D-8A194FA3A587}.Release|x86.Build.0 = Release|Win32
	EndGlobalSection
	GlobalSection(SolutionProperties) = preSolution
		HideSolutionNode = FALSE
	EndGlobalSection
	GlobalSection(ExtensibilityGlobals) = postSolution
		SolutionGuid = {FD64AEF1-2B25-407F-B8CA-96A8FE9AF6C6}
	EndGlobalSection
EndGlobal
