
Microsoft Visual Studio Solution File, Format Version 12.00
# Visual Studio Version 16
VisualStudioVersion = 16.0.30406.217
MinimumVisualStudioVersion = 10.0.40219.1
Project("{8BC9CEB8-8B4A-11D0-8D11-00A0C91BC942}") = "Day1", "Day1\Day1.vcxproj", "{A5F8A89F-A9EF-4BB3-B418-0E1EAF495FE8}"
	ProjectSection(ProjectDependencies) = postProject
		{BF8C8FF6-4DCA-4FE2-A6BF-A9C0EB116FE6} = {BF8C8FF6-4DCA-4FE2-A6BF-A9C0EB116FE6}
	EndProjectSection
EndProject
Project("{8BC9CEB8-8B4A-11D0-8D11-00A0C91BC942}") = "Utils", "Utils\Utils.vcxproj", "{BF8C8FF6-4DCA-4FE2-A6BF-A9C0EB116FE6}"
EndProject
Global
	GlobalSection(SolutionConfigurationPlatforms) = preSolution
		Debug|x64 = Debug|x64
		Release|x64 = Release|x64
	EndGlobalSection
	GlobalSection(ProjectConfigurationPlatforms) = postSolution
		{A5F8A89F-A9EF-4BB3-B418-0E1EAF495FE8}.Debug|x64.ActiveCfg = Debug|x64
		{A5F8A89F-A9EF-4BB3-B418-0E1EAF495FE8}.Debug|x64.Build.0 = Debug|x64
		{A5F8A89F-A9EF-4BB3-B418-0E1EAF495FE8}.Release|x64.ActiveCfg = Debug|x64
		{A5F8A89F-A9EF-4BB3-B418-0E1EAF495FE8}.Release|x64.Build.0 = Debug|x64
		{BF8C8FF6-4DCA-4FE2-A6BF-A9C0EB116FE6}.Debug|x64.ActiveCfg = Debug|x64
		{BF8C8FF6-4DCA-4FE2-A6BF-A9C0EB116FE6}.Debug|x64.Build.0 = Debug|x64
		{BF8C8FF6-4DCA-4FE2-A6BF-A9C0EB116FE6}.Release|x64.ActiveCfg = Debug|x64
		{BF8C8FF6-4DCA-4FE2-A6BF-A9C0EB116FE6}.Release|x64.Build.0 = Debug|x64
	EndGlobalSection
	GlobalSection(SolutionProperties) = preSolution
		HideSolutionNode = FALSE
	EndGlobalSection
	GlobalSection(ExtensibilityGlobals) = postSolution
		SolutionGuid = {FD64AEF1-2B25-407F-B8CA-96A8FE9AF6C6}
	EndGlobalSection
EndGlobal
